// !$*UTF8*$!
{
	archiveVersion = 1;
	classes = {
	};
	objectVersion = 56;
	objects = {

/* Begin PBXBuildFile section */
		2CB7B43D29CE128A005D3270 /* AppDelegate.swift in Sources */ = {isa = PBXBuildFile; fileRef = 2CB7B43C29CE128A005D3270 /* AppDelegate.swift */; };
		2CB7B43F29CE128A005D3270 /* SceneDelegate.swift in Sources */ = {isa = PBXBuildFile; fileRef = 2CB7B43E29CE128A005D3270 /* SceneDelegate.swift */; };
		2CB7B44629CE128B005D3270 /* Assets.xcassets in Resources */ = {isa = PBXBuildFile; fileRef = 2CB7B44529CE128B005D3270 /* Assets.xcassets */; };
		2CB7B44929CE128B005D3270 /* LaunchScreen.storyboard in Resources */ = {isa = PBXBuildFile; fileRef = 2CB7B44729CE128B005D3270 /* LaunchScreen.storyboard */; };
		2CB7B45429CE1318005D3270 /* RootViewController.swift in Sources */ = {isa = PBXBuildFile; fileRef = 2CB7B45329CE1318005D3270 /* RootViewController.swift */; };
		2CB7B45F29CE1AC0005D3270 /* DayViewController.swift in Sources */ = {isa = PBXBuildFile; fileRef = 2CB7B45E29CE1AC0005D3270 /* DayViewController.swift */; };
		2CB7B46229CE1B2F005D3270 /* WeekViewController.swift in Sources */ = {isa = PBXBuildFile; fileRef = 2CB7B46129CE1B2F005D3270 /* WeekViewController.swift */; };
		2CB7B46529CE1BCB005D3270 /* UIViewController.swift in Sources */ = {isa = PBXBuildFile; fileRef = 2CB7B46429CE1BCB005D3270 /* UIViewController.swift */; };
/* End PBXBuildFile section */

/* Begin PBXFileReference section */
		2CB7B43929CE128A005D3270 /* Weather-MVVM.app */ = {isa = PBXFileReference; explicitFileType = wrapper.application; includeInIndex = 0; path = "Weather-MVVM.app"; sourceTree = BUILT_PRODUCTS_DIR; };
		2CB7B43C29CE128A005D3270 /* AppDelegate.swift */ = {isa = PBXFileReference; lastKnownFileType = sourcecode.swift; path = AppDelegate.swift; sourceTree = "<group>"; };
		2CB7B43E29CE128A005D3270 /* SceneDelegate.swift */ = {isa = PBXFileReference; lastKnownFileType = sourcecode.swift; path = SceneDelegate.swift; sourceTree = "<group>"; };
		2CB7B44529CE128B005D3270 /* Assets.xcassets */ = {isa = PBXFileReference; lastKnownFileType = folder.assetcatalog; path = Assets.xcassets; sourceTree = "<group>"; };
		2CB7B44829CE128B005D3270 /* Base */ = {isa = PBXFileReference; lastKnownFileType = file.storyboard; name = Base; path = Base.lproj/LaunchScreen.storyboard; sourceTree = "<group>"; };
		2CB7B44A29CE128B005D3270 /* Info.plist */ = {isa = PBXFileReference; lastKnownFileType = text.plist.xml; path = Info.plist; sourceTree = "<group>"; };
		2CB7B45329CE1318005D3270 /* RootViewController.swift */ = {isa = PBXFileReference; lastKnownFileType = sourcecode.swift; path = RootViewController.swift; sourceTree = "<group>"; };
		2CB7B45E29CE1AC0005D3270 /* DayViewController.swift */ = {isa = PBXFileReference; lastKnownFileType = sourcecode.swift; path = DayViewController.swift; sourceTree = "<group>"; };
		2CB7B46129CE1B2F005D3270 /* WeekViewController.swift */ = {isa = PBXFileReference; lastKnownFileType = sourcecode.swift; path = WeekViewController.swift; sourceTree = "<group>"; };
		2CB7B46429CE1BCB005D3270 /* UIViewController.swift */ = {isa = PBXFileReference; lastKnownFileType = sourcecode.swift; path = UIViewController.swift; sourceTree = "<group>"; };
/* End PBXFileReference section */

/* Begin PBXFrameworksBuildPhase section */
		2CB7B43629CE128A005D3270 /* Frameworks */ = {
			isa = PBXFrameworksBuildPhase;
			buildActionMask = 2147483647;
			files = (
			);
			runOnlyForDeploymentPostprocessing = 0;
		};
/* End PBXFrameworksBuildPhase section */

/* Begin PBXGroup section */
		2CB7B43029CE128A005D3270 = {
			isa = PBXGroup;
			children = (
				2CB7B43B29CE128A005D3270 /* Weather-MVVM */,
				2CB7B43A29CE128A005D3270 /* Products */,
			);
			sourceTree = "<group>";
		};
		2CB7B43A29CE128A005D3270 /* Products */ = {
			isa = PBXGroup;
			children = (
				2CB7B43929CE128A005D3270 /* Weather-MVVM.app */,
			);
			name = Products;
			sourceTree = "<group>";
		};
		2CB7B43B29CE128A005D3270 /* Weather-MVVM */ = {
			isa = PBXGroup;
			children = (
				2CB7B45529CE1417005D3270 /* Models */,
				2CB7B45129CE12D9005D3270 /* ViewControllers */,
				2CB7B46329CE1BB6005D3270 /* Extensions */,
				2CB7B45029CE129E005D3270 /* Resources */,
			);
			path = "Weather-MVVM";
			sourceTree = "<group>";
		};
		2CB7B45029CE129E005D3270 /* Resources */ = {
			isa = PBXGroup;
			children = (
				2CB7B43C29CE128A005D3270 /* AppDelegate.swift */,
				2CB7B43E29CE128A005D3270 /* SceneDelegate.swift */,
				2CB7B44529CE128B005D3270 /* Assets.xcassets */,
				2CB7B44729CE128B005D3270 /* LaunchScreen.storyboard */,
				2CB7B44A29CE128B005D3270 /* Info.plist */,
			);
			path = Resources;
			sourceTree = "<group>";
		};
		2CB7B45129CE12D9005D3270 /* ViewControllers */ = {
			isa = PBXGroup;
			children = (
				2CB7B45229CE12E7005D3270 /* RootViewController */,
				2CB7B45C29CE1AA8005D3270 /* WeatherViewControllers */,
			);
			path = ViewControllers;
			sourceTree = "<group>";
		};
		2CB7B45229CE12E7005D3270 /* RootViewController */ = {
			isa = PBXGroup;
			children = (
				2CB7B45329CE1318005D3270 /* RootViewController.swift */,
			);
			path = RootViewController;
			sourceTree = "<group>";
		};
		2CB7B45529CE1417005D3270 /* Models */ = {
			isa = PBXGroup;
			children = (
			);
			path = Models;
			sourceTree = "<group>";
		};
		2CB7B45C29CE1AA8005D3270 /* WeatherViewControllers */ = {
			isa = PBXGroup;
			children = (
				2CB7B45D29CE1AB3005D3270 /* DayViewController */,
				2CB7B46029CE1B1F005D3270 /* WeekViewController */,
			);
			path = WeatherViewControllers;
			sourceTree = "<group>";
		};
		2CB7B45D29CE1AB3005D3270 /* DayViewController */ = {
			isa = PBXGroup;
			children = (
				2CB7B45E29CE1AC0005D3270 /* DayViewController.swift */,
			);
			path = DayViewController;
			sourceTree = "<group>";
		};
		2CB7B46029CE1B1F005D3270 /* WeekViewController */ = {
			isa = PBXGroup;
			children = (
				2CB7B46129CE1B2F005D3270 /* WeekViewController.swift */,
			);
			path = WeekViewController;
			sourceTree = "<group>";
		};
		2CB7B46329CE1BB6005D3270 /* Extensions */ = {
			isa = PBXGroup;
			children = (
				2CB7B46429CE1BCB005D3270 /* UIViewController.swift */,
			);
			path = Extensions;
			sourceTree = "<group>";
		};
/* End PBXGroup section */

/* Begin PBXNativeTarget section */
		2CB7B43829CE128A005D3270 /* Weather-MVVM */ = {
			isa = PBXNativeTarget;
			buildConfigurationList = 2CB7B44D29CE128B005D3270 /* Build configuration list for PBXNativeTarget "Weather-MVVM" */;
			buildPhases = (
				2CB7B43529CE128A005D3270 /* Sources */,
				2CB7B43629CE128A005D3270 /* Frameworks */,
				2CB7B43729CE128A005D3270 /* Resources */,
			);
			buildRules = (
			);
			dependencies = (
			);
			name = "Weather-MVVM";
			productName = "Weather-MVVM";
			productReference = 2CB7B43929CE128A005D3270 /* Weather-MVVM.app */;
			productType = "com.apple.product-type.application";
		};
/* End PBXNativeTarget section */

/* Begin PBXProject section */
		2CB7B43129CE128A005D3270 /* Project object */ = {
			isa = PBXProject;
			attributes = {
				BuildIndependentTargetsInParallel = 1;
				LastSwiftUpdateCheck = 1420;
				LastUpgradeCheck = 1420;
				TargetAttributes = {
					2CB7B43829CE128A005D3270 = {
						CreatedOnToolsVersion = 14.2;
					};
				};
			};
			buildConfigurationList = 2CB7B43429CE128A005D3270 /* Build configuration list for PBXProject "Weather-MVVM" */;
			compatibilityVersion = "Xcode 14.0";
			developmentRegion = en;
			hasScannedForEncodings = 0;
			knownRegions = (
				en,
				Base,
			);
			mainGroup = 2CB7B43029CE128A005D3270;
			productRefGroup = 2CB7B43A29CE128A005D3270 /* Products */;
			projectDirPath = "";
			projectRoot = "";
			targets = (
				2CB7B43829CE128A005D3270 /* Weather-MVVM */,
			);
		};
/* End PBXProject section */

/* Begin PBXResourcesBuildPhase section */
		2CB7B43729CE128A005D3270 /* Resources */ = {
			isa = PBXResourcesBuildPhase;
			buildActionMask = 2147483647;
			files = (
				2CB7B44929CE128B005D3270 /* LaunchScreen.storyboard in Resources */,
				2CB7B44629CE128B005D3270 /* Assets.xcassets in Resources */,
			);
			runOnlyForDeploymentPostprocessing = 0;
		};
/* End PBXResourcesBuildPhase section */

/* Begin PBXSourcesBuildPhase section */
		2CB7B43529CE128A005D3270 /* Sources */ = {
			isa = PBXSourcesBuildPhase;
			buildActionMask = 2147483647;
			files = (
				2CB7B46229CE1B2F005D3270 /* WeekViewController.swift in Sources */,
				2CB7B43D29CE128A005D3270 /* AppDelegate.swift in Sources */,
				2CB7B46529CE1BCB005D3270 /* UIViewController.swift in Sources */,
				2CB7B45429CE1318005D3270 /* RootViewController.swift in Sources */,
				2CB7B43F29CE128A005D3270 /* SceneDelegate.swift in Sources */,
				2CB7B45F29CE1AC0005D3270 /* DayViewController.swift in Sources */,
			);
			runOnlyForDeploymentPostprocessing = 0;
		};
/* End PBXSourcesBuildPhase section */

/* Begin PBXVariantGroup section */
		2CB7B44729CE128B005D3270 /* LaunchScreen.storyboard */ = {
			isa = PBXVariantGroup;
			children = (
				2CB7B44829CE128B005D3270 /* Base */,
			);
			name = LaunchScreen.storyboard;
			sourceTree = "<group>";
		};
/* End PBXVariantGroup section */

/* Begin XCBuildConfiguration section */
		2CB7B44B29CE128B005D3270 /* Debug */ = {
			isa = XCBuildConfiguration;
			buildSettings = {
				ALWAYS_SEARCH_USER_PATHS = NO;
				CLANG_ANALYZER_NONNULL = YES;
				CLANG_ANALYZER_NUMBER_OBJECT_CONVERSION = YES_AGGRESSIVE;
				CLANG_CXX_LANGUAGE_STANDARD = "gnu++20";
				CLANG_ENABLE_MODULES = YES;
				CLANG_ENABLE_OBJC_ARC = YES;
				CLANG_ENABLE_OBJC_WEAK = YES;
				CLANG_WARN_BLOCK_CAPTURE_AUTORELEASING = YES;
				CLANG_WARN_BOOL_CONVERSION = YES;
				CLANG_WARN_COMMA = YES;
				CLANG_WARN_CONSTANT_CONVERSION = YES;
				CLANG_WARN_DEPRECATED_OBJC_IMPLEMENTATIONS = YES;
				CLANG_WARN_DIRECT_OBJC_ISA_USAGE = YES_ERROR;
				CLANG_WARN_DOCUMENTATION_COMMENTS = YES;
				CLANG_WARN_EMPTY_BODY = YES;
				CLANG_WARN_ENUM_CONVERSION = YES;
				CLANG_WARN_INFINITE_RECURSION = YES;
				CLANG_WARN_INT_CONVERSION = YES;
				CLANG_WARN_NON_LITERAL_NULL_CONVERSION = YES;
				CLANG_WARN_OBJC_IMPLICIT_RETAIN_SELF = YES;
				CLANG_WARN_OBJC_LITERAL_CONVERSION = YES;
				CLANG_WARN_OBJC_ROOT_CLASS = YES_ERROR;
				CLANG_WARN_QUOTED_INCLUDE_IN_FRAMEWORK_HEADER = YES;
				CLANG_WARN_RANGE_LOOP_ANALYSIS = YES;
				CLANG_WARN_STRICT_PROTOTYPES = YES;
				CLANG_WARN_SUSPICIOUS_MOVE = YES;
				CLANG_WARN_UNGUARDED_AVAILABILITY = YES_AGGRESSIVE;
				CLANG_WARN_UNREACHABLE_CODE = YES;
				CLANG_WARN__DUPLICATE_METHOD_MATCH = YES;
				COPY_PHASE_STRIP = NO;
				DEBUG_INFORMATION_FORMAT = dwarf;
				ENABLE_STRICT_OBJC_MSGSEND = YES;
				ENABLE_TESTABILITY = YES;
				GCC_C_LANGUAGE_STANDARD = gnu11;
				GCC_DYNAMIC_NO_PIC = NO;
				GCC_NO_COMMON_BLOCKS = YES;
				GCC_OPTIMIZATION_LEVEL = 0;
				GCC_PREPROCESSOR_DEFINITIONS = (
					"DEBUG=1",
					"$(inherited)",
				);
				GCC_WARN_64_TO_32_BIT_CONVERSION = YES;
				GCC_WARN_ABOUT_RETURN_TYPE = YES_ERROR;
				GCC_WARN_UNDECLARED_SELECTOR = YES;
				GCC_WARN_UNINITIALIZED_AUTOS = YES_AGGRESSIVE;
				GCC_WARN_UNUSED_FUNCTION = YES;
				GCC_WARN_UNUSED_VARIABLE = YES;
				IPHONEOS_DEPLOYMENT_TARGET = 16.2;
				MTL_ENABLE_DEBUG_INFO = INCLUDE_SOURCE;
				MTL_FAST_MATH = YES;
				ONLY_ACTIVE_ARCH = YES;
				SDKROOT = iphoneos;
				SWIFT_ACTIVE_COMPILATION_CONDITIONS = DEBUG;
				SWIFT_OPTIMIZATION_LEVEL = "-Onone";
			};
			name = Debug;
		};
		2CB7B44C29CE128B005D3270 /* Release */ = {
			isa = XCBuildConfiguration;
			buildSettings = {
				ALWAYS_SEARCH_USER_PATHS = NO;
				CLANG_ANALYZER_NONNULL = YES;
				CLANG_ANALYZER_NUMBER_OBJECT_CONVERSION = YES_AGGRESSIVE;
				CLANG_CXX_LANGUAGE_STANDARD = "gnu++20";
				CLANG_ENABLE_MODULES = YES;
				CLANG_ENABLE_OBJC_ARC = YES;
				CLANG_ENABLE_OBJC_WEAK = YES;
				CLANG_WARN_BLOCK_CAPTURE_AUTORELEASING = YES;
				CLANG_WARN_BOOL_CONVERSION = YES;
				CLANG_WARN_COMMA = YES;
				CLANG_WARN_CONSTANT_CONVERSION = YES;
				CLANG_WARN_DEPRECATED_OBJC_IMPLEMENTATIONS = YES;
				CLANG_WARN_DIRECT_OBJC_ISA_USAGE = YES_ERROR;
				CLANG_WARN_DOCUMENTATION_COMMENTS = YES;
				CLANG_WARN_EMPTY_BODY = YES;
				CLANG_WARN_ENUM_CONVERSION = YES;
				CLANG_WARN_INFINITE_RECURSION = YES;
				CLANG_WARN_INT_CONVERSION = YES;
				CLANG_WARN_NON_LITERAL_NULL_CONVERSION = YES;
				CLANG_WARN_OBJC_IMPLICIT_RETAIN_SELF = YES;
				CLANG_WARN_OBJC_LITERAL_CONVERSION = YES;
				CLANG_WARN_OBJC_ROOT_CLASS = YES_ERROR;
				CLANG_WARN_QUOTED_INCLUDE_IN_FRAMEWORK_HEADER = YES;
				CLANG_WARN_RANGE_LOOP_ANALYSIS = YES;
				CLANG_WARN_STRICT_PROTOTYPES = YES;
				CLANG_WARN_SUSPICIOUS_MOVE = YES;
				CLANG_WARN_UNGUARDED_AVAILABILITY = YES_AGGRESSIVE;
				CLANG_WARN_UNREACHABLE_CODE = YES;
				CLANG_WARN__DUPLICATE_METHOD_MATCH = YES;
				COPY_PHASE_STRIP = NO;
				DEBUG_INFORMATION_FORMAT = "dwarf-with-dsym";
				ENABLE_NS_ASSERTIONS = NO;
				ENABLE_STRICT_OBJC_MSGSEND = YES;
				GCC_C_LANGUAGE_STANDARD = gnu11;
				GCC_NO_COMMON_BLOCKS = YES;
				GCC_WARN_64_TO_32_BIT_CONVERSION = YES;
				GCC_WARN_ABOUT_RETURN_TYPE = YES_ERROR;
				GCC_WARN_UNDECLARED_SELECTOR = YES;
				GCC_WARN_UNINITIALIZED_AUTOS = YES_AGGRESSIVE;
				GCC_WARN_UNUSED_FUNCTION = YES;
				GCC_WARN_UNUSED_VARIABLE = YES;
				IPHONEOS_DEPLOYMENT_TARGET = 16.2;
				MTL_ENABLE_DEBUG_INFO = NO;
				MTL_FAST_MATH = YES;
				SDKROOT = iphoneos;
				SWIFT_COMPILATION_MODE = wholemodule;
				SWIFT_OPTIMIZATION_LEVEL = "-O";
				VALIDATE_PRODUCT = YES;
			};
			name = Release;
		};
		2CB7B44E29CE128B005D3270 /* Debug */ = {
			isa = XCBuildConfiguration;
			buildSettings = {
				ASSETCATALOG_COMPILER_APPICON_NAME = AppIcon;
				ASSETCATALOG_COMPILER_GLOBAL_ACCENT_COLOR_NAME = AccentColor;
				CODE_SIGN_STYLE = Automatic;
				CURRENT_PROJECT_VERSION = 1;
				DEVELOPMENT_TEAM = 6UUX2L32WR;
				GENERATE_INFOPLIST_FILE = YES;
				INFOPLIST_FILE = "Weather-MVVM/Resources/Info.plist";
				INFOPLIST_KEY_UIApplicationSupportsIndirectInputEvents = YES;
				INFOPLIST_KEY_UILaunchStoryboardName = LaunchScreen;
				INFOPLIST_KEY_UIMainStoryboardFile = "";
				INFOPLIST_KEY_UISupportedInterfaceOrientations = UIInterfaceOrientationPortrait;
				INFOPLIST_KEY_UISupportedInterfaceOrientations_iPad = "UIInterfaceOrientationLandscapeLeft UIInterfaceOrientationLandscapeRight UIInterfaceOrientationPortrait UIInterfaceOrientationPortraitUpsideDown";
				LD_RUNPATH_SEARCH_PATHS = (
					"$(inherited)",
					"@executable_path/Frameworks",
				);
				MARKETING_VERSION = 1.0;
				PRODUCT_BUNDLE_IDENTIFIER = "com.royalbluesoftware.Weather-MVVM";
				PRODUCT_NAME = "$(TARGET_NAME)";
				SUPPORTED_PLATFORMS = "iphoneos iphonesimulator";
				SUPPORTS_MACCATALYST = NO;
				SUPPORTS_MAC_DESIGNED_FOR_IPHONE_IPAD = YES;
				SWIFT_EMIT_LOC_STRINGS = YES;
				SWIFT_VERSION = 5.0;
				TARGETED_DEVICE_FAMILY = 1;
			};
			name = Debug;
		};
		2CB7B44F29CE128B005D3270 /* Release */ = {
			isa = XCBuildConfiguration;
			buildSettings = {
				ASSETCATALOG_COMPILER_APPICON_NAME = AppIcon;
				ASSETCATALOG_COMPILER_GLOBAL_ACCENT_COLOR_NAME = AccentColor;
				CODE_SIGN_STYLE = Automatic;
				CURRENT_PROJECT_VERSION = 1;
				DEVELOPMENT_TEAM = 6UUX2L32WR;
				GENERATE_INFOPLIST_FILE = YES;
				INFOPLIST_FILE = "Weather-MVVM/Resources/Info.plist";
				INFOPLIST_KEY_UIApplicationSupportsIndirectInputEvents = YES;
				INFOPLIST_KEY_UILaunchStoryboardName = LaunchScreen;
				INFOPLIST_KEY_UIMainStoryboardFile = "";
				INFOPLIST_KEY_UISupportedInterfaceOrientations = UIInterfaceOrientationPortrait;
				INFOPLIST_KEY_UISupportedInterfaceOrientations_iPad = "UIInterfaceOrientationLandscapeLeft UIInterfaceOrientationLandscapeRight UIInterfaceOrientationPortrait UIInterfaceOrientationPortraitUpsideDown";
				LD_RUNPATH_SEARCH_PATHS = (
					"$(inherited)",
					"@executable_path/Frameworks",
				);
				MARKETING_VERSION = 1.0;
				PRODUCT_BUNDLE_IDENTIFIER = "com.royalbluesoftware.Weather-MVVM";
				PRODUCT_NAME = "$(TARGET_NAME)";
				SUPPORTED_PLATFORMS = "iphoneos iphonesimulator";
				SUPPORTS_MACCATALYST = NO;
				SUPPORTS_MAC_DESIGNED_FOR_IPHONE_IPAD = YES;
				SWIFT_EMIT_LOC_STRINGS = YES;
				SWIFT_VERSION = 5.0;
				TARGETED_DEVICE_FAMILY = 1;
			};
			name = Release;
		};
/* End XCBuildConfiguration section */

/* Begin XCConfigurationList section */
		2CB7B43429CE128A005D3270 /* Build configuration list for PBXProject "Weather-MVVM" */ = {
			isa = XCConfigurationList;
			buildConfigurations = (
				2CB7B44B29CE128B005D3270 /* Debug */,
				2CB7B44C29CE128B005D3270 /* Release */,
			);
			defaultConfigurationIsVisible = 0;
			defaultConfigurationName = Release;
		};
		2CB7B44D29CE128B005D3270 /* Build configuration list for PBXNativeTarget "Weather-MVVM" */ = {
			isa = XCConfigurationList;
			buildConfigurations = (
				2CB7B44E29CE128B005D3270 /* Debug */,
				2CB7B44F29CE128B005D3270 /* Release */,
			);
			defaultConfigurationIsVisible = 0;
			defaultConfigurationName = Release;
		};
/* End XCConfigurationList section */
	};
	rootObject = 2CB7B43129CE128A005D3270 /* Project object */;
}
